
Microsoft Visual Studio Solution File, Format Version 12.00
# Visual Studio Version 17
VisualStudioVersion = 17.3.32901.215
MinimumVisualStudioVersion = 10.0.40219.1
Project("{FAE04EC0-301F-11D3-BF4B-00C04F79EFBC}") = "40-45 GroupingOperators", "LINQ  - Grouping Operators\C#\GroupingOperators\40-45 GroupingOperators.csproj", "{82AC891D-339D-4FE4-861D-8B7E628358B5}"
EndProject
Project("{FAE04EC0-301F-11D3-BF4B-00C04F79EFBC}") = "73-93 AggregateOperators", "LINQ - Aggregate Operators\C#\AggregateOperators\73-93 AggregateOperators.csproj", "{DF4D8CF3-90F4-4108-A8D5-73DFB1A57E69}"
EndProject
Project("{FAE04EC0-301F-11D3-BF4B-00C04F79EFBC}") = "54-57 ConversionOperators", "LINQ - Conversion Operators\C#\ConversionOperators\54-57 ConversionOperators.csproj", "{DB224815-7139-4A09-B3C7-1294E98BA754}"
EndProject
Project("{FAE04EC0-301F-11D3-BF4B-00C04F79EFBC}") = "98 CustomSequenceOperators", "LINQ - Custom Sequence Operators\C#\CustomSequenceOperators\98 CustomSequenceOperators.csproj", "{FA28275F-E365-466A-848A-9988DEC0DA4E}"
EndProject
Project("{FAE04EC0-301F-11D3-BF4B-00C04F79EFBC}") = "58-64 ElementOperators", "LINQ - Element Operators\C#\ElementOperators\58-64 ElementOperators.csproj", "{448F27C6-9BA0-4BFA-B6AD-39D15F6B4C31}"
EndProject
Project("{FAE04EC0-301F-11D3-BF4B-00C04F79EFBC}") = "65-66 GenerationOperators", "LINQ - Generation Operators\C#\GenerationOperators\65-66 GenerationOperators.csproj", "{916425A2-8E7D-47FD-ACB7-6E7947F1290B}"
EndProject
Project("{FAE04EC0-301F-11D3-BF4B-00C04F79EFBC}") = "102-107 JoinOperators", "LINQ - Join Operators\C#\JoinOperators\102-107 JoinOperators.csproj", "{D4751573-75C4-45ED-B29D-7F0AAB4C5ED4}"
EndProject
Project("{FAE04EC0-301F-11D3-BF4B-00C04F79EFBC}") = "XQuery", "LINQ - LINQ to XML using XQuery\C#\XQuery.csproj", "{5F837096-8812-4C9C-9ED8-11682789F180}"
EndProject
Project("{FAE04EC0-301F-11D3-BF4B-00C04F79EFBC}") = "94-97 MiscellaneousOperators", "LINQ - Miscellaneous Operators\C#\MiscellaneousOperators\94-97 MiscellaneousOperators.csproj", "{8A33C2C3-DAED-4CD3-9A9D-1580C8E44B1E}"
EndProject
Project("{FAE04EC0-301F-11D3-BF4B-00C04F79EFBC}") = "28-39 OrderingOperators", "LINQ - Ordering Operators\C#\OrderingOperators\28-39 OrderingOperators.csproj", "{05350A97-9D66-40BC-90B5-BCD0DCFE1AAB}"
EndProject
Project("{FAE04EC0-301F-11D3-BF4B-00C04F79EFBC}") = "20-27 PartitioningOperators", "LINQ - Partitioning Operators\C#\PartitioningOperators\20-27 PartitioningOperators.csproj", "{6BB93FFA-C410-4620-A0E0-A1FF88E5838B}"
EndProject
Project("{FAE04EC0-301F-11D3-BF4B-00C04F79EFBC}") = "06-19 ProjectionOperators", "LINQ - Projection Operators\C#\ProjectionOperators\06-19 ProjectionOperators.csproj", "{72FDC6E8-09DD-4C89-B054-F3D3F2CB8B15}"
EndProject
Project("{FAE04EC0-301F-11D3-BF4B-00C04F79EFBC}") = "67-72 Quantifiers", "LINQ - Quantifiers\C#\Quantifiers\67-72 Quantifiers.csproj", "{D89F1C62-62EE-4CE8-A9F7-5BFE3448F98A}"
EndProject
Project("{FAE04EC0-301F-11D3-BF4B-00C04F79EFBC}") = "99-101 QueryExecution", "LINQ - Query Execution\C#\QueryExecution\99-101 QueryExecution.csproj", "{8F9CECCB-AB5E-4D94-8FC2-7E14A9871C51}"
EndProject
Project("{FAE04EC0-301F-11D3-BF4B-00C04F79EFBC}") = "01-05 RestrictionOperators", "LINQ - Restriction Operators\C#\RestrictionOperators\01-05 RestrictionOperators.csproj", "{EF74D02F-B99F-470F-B27C-8B83961E9940}"
EndProject
Project("{FAE04EC0-301F-11D3-BF4B-00C04F79EFBC}") = "Rss", "LINQ - RSS Aggregator using LINQ to XML\C#\Rss.csproj", "{DDC82CFF-B66D-47DC-BEA6-BD90BE3F820D}"
EndProject
Project("{FAE04EC0-301F-11D3-BF4B-00C04F79EFBC}") = "SampleQueries", "LINQ - Sample Queries\C#\SampleQueries.csproj", "{77EC7459-0B99-4142-AFC0-95E75A2DED78}"
EndProject
Project("{FAE04EC0-301F-11D3-BF4B-00C04F79EFBC}") = "Reflector", "LINQ - Using System.Reflection with LINQ Queries\C#\Reflector.csproj", "{5309AB9F-82E3-472D-ABC5-5C7169B26372}"
EndProject
Project("{2150E333-8FDC-42A3-9474-1A3956D46DE8}") = "Linq", "Linq", "{2594498F-8037-48FD-8C7C-D69CAC3C2B14}"
EndProject
Project("{2150E333-8FDC-42A3-9474-1A3956D46DE8}") = "My", "My", "{BE2ED10F-0DC3-4F5B-93F9-9DB0A2F942FE}"
EndProject
Project("{9A19103F-16F7-4668-BE54-9A1E7A4F7556}") = "My_linq", "My\My_linq\My_linq.csproj", "{07B2AF70-B9D0-480D-A192-AC32FAA0B499}"
EndProject
Project("{9A19103F-16F7-4668-BE54-9A1E7A4F7556}") = "MyLinqSQL", "My\MyLinqSQL\MyLinqSQL.csproj", "{3A768A32-3D04-4A4D-A961-1C1BC2D72E5D}"
EndProject
Project("{FAE04EC0-301F-11D3-BF4B-00C04F79EFBC}") = "MyTestLinq", "MyTestLinq\MyTestLinq.csproj", "{D87D6F7A-4168-4D8C-BB0F-FB7B935175F2}"
EndProject
Project("{FAE04EC0-301F-11D3-BF4B-00C04F79EFBC}") = "MyTestLinqSQL", "MyTestLinqSQL\MyTestLinqSQL.csproj", "{206B2FB3-EA8A-4D82-9D4F-3F78A3215F85}"
EndProject
Global
	GlobalSection(SolutionConfigurationPlatforms) = preSolution
		Debug|Any CPU = Debug|Any CPU
		Debug|x86 = Debug|x86
		Release|Any CPU = Release|Any CPU
		Release|x86 = Release|x86
	EndGlobalSection
	GlobalSection(ProjectConfigurationPlatforms) = postSolution
		{82AC891D-339D-4FE4-861D-8B7E628358B5}.Debug|Any CPU.ActiveCfg = Debug|x86
		{82AC891D-339D-4FE4-861D-8B7E628358B5}.Debug|Any CPU.Build.0 = Debug|x86
		{82AC891D-339D-4FE4-861D-8B7E628358B5}.Debug|x86.ActiveCfg = Debug|x86
		{82AC891D-339D-4FE4-861D-8B7E628358B5}.Debug|x86.Build.0 = Debug|x86
		{82AC891D-339D-4FE4-861D-8B7E628358B5}.Release|Any CPU.ActiveCfg = Release|x86
		{82AC891D-339D-4FE4-861D-8B7E628358B5}.Release|Any CPU.Build.0 = Release|x86
		{82AC891D-339D-4FE4-861D-8B7E628358B5}.Release|x86.ActiveCfg = Release|x86
		{82AC891D-339D-4FE4-861D-8B7E628358B5}.Release|x86.Build.0 = Release|x86
		{DF4D8CF3-90F4-4108-A8D5-73DFB1A57E69}.Debug|Any CPU.ActiveCfg = Debug|x86
		{DF4D8CF3-90F4-4108-A8D5-73DFB1A57E69}.Debug|Any CPU.Build.0 = Debug|x86
		{DF4D8CF3-90F4-4108-A8D5-73DFB1A57E69}.Debug|x86.ActiveCfg = Debug|x86
		{DF4D8CF3-90F4-4108-A8D5-73DFB1A57E69}.Debug|x86.Build.0 = Debug|x86
		{DF4D8CF3-90F4-4108-A8D5-73DFB1A57E69}.Release|Any CPU.ActiveCfg = Release|x86
		{DF4D8CF3-90F4-4108-A8D5-73DFB1A57E69}.Release|Any CPU.Build.0 = Release|x86
		{DF4D8CF3-90F4-4108-A8D5-73DFB1A57E69}.Release|x86.ActiveCfg = Release|x86
		{DF4D8CF3-90F4-4108-A8D5-73DFB1A57E69}.Release|x86.Build.0 = Release|x86
		{DB224815-7139-4A09-B3C7-1294E98BA754}.Debug|Any CPU.ActiveCfg = Debug|x86
		{DB224815-7139-4A09-B3C7-1294E98BA754}.Debug|Any CPU.Build.0 = Debug|x86
		{DB224815-7139-4A09-B3C7-1294E98BA754}.Debug|x86.ActiveCfg = Debug|x86
		{DB224815-7139-4A09-B3C7-1294E98BA754}.Debug|x86.Build.0 = Debug|x86
		{DB224815-7139-4A09-B3C7-1294E98BA754}.Release|Any CPU.ActiveCfg = Release|x86
		{DB224815-7139-4A09-B3C7-1294E98BA754}.Release|Any CPU.Build.0 = Release|x86
		{DB224815-7139-4A09-B3C7-1294E98BA754}.Release|x86.ActiveCfg = Release|x86
		{DB224815-7139-4A09-B3C7-1294E98BA754}.Release|x86.Build.0 = Release|x86
		{FA28275F-E365-466A-848A-9988DEC0DA4E}.Debug|Any CPU.ActiveCfg = Debug|x86
		{FA28275F-E365-466A-848A-9988DEC0DA4E}.Debug|Any CPU.Build.0 = Debug|x86
		{FA28275F-E365-466A-848A-9988DEC0DA4E}.Debug|x86.ActiveCfg = Debug|x86
		{FA28275F-E365-466A-848A-9988DEC0DA4E}.Debug|x86.Build.0 = Debug|x86
		{FA28275F-E365-466A-848A-9988DEC0DA4E}.Release|Any CPU.ActiveCfg = Release|x86
		{FA28275F-E365-466A-848A-9988DEC0DA4E}.Release|Any CPU.Build.0 = Release|x86
		{FA28275F-E365-466A-848A-9988DEC0DA4E}.Release|x86.ActiveCfg = Release|x86
		{FA28275F-E365-466A-848A-9988DEC0DA4E}.Release|x86.Build.0 = Release|x86
		{448F27C6-9BA0-4BFA-B6AD-39D15F6B4C31}.Debug|Any CPU.ActiveCfg = Debug|x86
		{448F27C6-9BA0-4BFA-B6AD-39D15F6B4C31}.Debug|Any CPU.Build.0 = Debug|x86
		{448F27C6-9BA0-4BFA-B6AD-39D15F6B4C31}.Debug|x86.ActiveCfg = Debug|x86
		{448F27C6-9BA0-4BFA-B6AD-39D15F6B4C31}.Debug|x86.Build.0 = Debug|x86
		{448F27C6-9BA0-4BFA-B6AD-39D15F6B4C31}.Release|Any CPU.ActiveCfg = Release|x86
		{448F27C6-9BA0-4BFA-B6AD-39D15F6B4C31}.Release|Any CPU.Build.0 = Release|x86
		{448F27C6-9BA0-4BFA-B6AD-39D15F6B4C31}.Release|x86.ActiveCfg = Release|x86
		{448F27C6-9BA0-4BFA-B6AD-39D15F6B4C31}.Release|x86.Build.0 = Release|x86
		{916425A2-8E7D-47FD-ACB7-6E7947F1290B}.Debug|Any CPU.ActiveCfg = Debug|x86
		{916425A2-8E7D-47FD-ACB7-6E7947F1290B}.Debug|Any CPU.Build.0 = Debug|x86
		{916425A2-8E7D-47FD-ACB7-6E7947F1290B}.Debug|x86.ActiveCfg = Debug|x86
		{916425A2-8E7D-47FD-ACB7-6E7947F1290B}.Debug|x86.Build.0 = Debug|x86
		{916425A2-8E7D-47FD-ACB7-6E7947F1290B}.Release|Any CPU.ActiveCfg = Release|x86
		{916425A2-8E7D-47FD-ACB7-6E7947F1290B}.Release|Any CPU.Build.0 = Release|x86
		{916425A2-8E7D-47FD-ACB7-6E7947F1290B}.Release|x86.ActiveCfg = Release|x86
		{916425A2-8E7D-47FD-ACB7-6E7947F1290B}.Release|x86.Build.0 = Release|x86
		{D4751573-75C4-45ED-B29D-7F0AAB4C5ED4}.Debug|Any CPU.ActiveCfg = Debug|x86
		{D4751573-75C4-45ED-B29D-7F0AAB4C5ED4}.Debug|Any CPU.Build.0 = Debug|x86
		{D4751573-75C4-45ED-B29D-7F0AAB4C5ED4}.Debug|x86.ActiveCfg = Debug|x86
		{D4751573-75C4-45ED-B29D-7F0AAB4C5ED4}.Debug|x86.Build.0 = Debug|x86
		{D4751573-75C4-45ED-B29D-7F0AAB4C5ED4}.Release|Any CPU.ActiveCfg = Release|x86
		{D4751573-75C4-45ED-B29D-7F0AAB4C5ED4}.Release|Any CPU.Build.0 = Release|x86
		{D4751573-75C4-45ED-B29D-7F0AAB4C5ED4}.Release|x86.ActiveCfg = Release|x86
		{D4751573-75C4-45ED-B29D-7F0AAB4C5ED4}.Release|x86.Build.0 = Release|x86
		{5F837096-8812-4C9C-9ED8-11682789F180}.Debug|Any CPU.ActiveCfg = Debug|Any CPU
		{5F837096-8812-4C9C-9ED8-11682789F180}.Debug|Any CPU.Build.0 = Debug|Any CPU
		{5F837096-8812-4C9C-9ED8-11682789F180}.Debug|x86.ActiveCfg = Debug|Any CPU
		{5F837096-8812-4C9C-9ED8-11682789F180}.Debug|x86.Build.0 = Debug|Any CPU
		{5F837096-8812-4C9C-9ED8-11682789F180}.Release|Any CPU.ActiveCfg = Release|Any CPU
		{5F837096-8812-4C9C-9ED8-11682789F180}.Release|Any CPU.Build.0 = Release|Any CPU
		{5F837096-8812-4C9C-9ED8-11682789F180}.Release|x86.ActiveCfg = Release|Any CPU
		{5F837096-8812-4C9C-9ED8-11682789F180}.Release|x86.Build.0 = Release|Any CPU
		{8A33C2C3-DAED-4CD3-9A9D-1580C8E44B1E}.Debug|Any CPU.ActiveCfg = Debug|x86
		{8A33C2C3-DAED-4CD3-9A9D-1580C8E44B1E}.Debug|Any CPU.Build.0 = Debug|x86
		{8A33C2C3-DAED-4CD3-9A9D-1580C8E44B1E}.Debug|x86.ActiveCfg = Debug|x86
		{8A33C2C3-DAED-4CD3-9A9D-1580C8E44B1E}.Debug|x86.Build.0 = Debug|x86
		{8A33C2C3-DAED-4CD3-9A9D-1580C8E44B1E}.Release|Any CPU.ActiveCfg = Release|x86
		{8A33C2C3-DAED-4CD3-9A9D-1580C8E44B1E}.Release|Any CPU.Build.0 = Release|x86
		{8A33C2C3-DAED-4CD3-9A9D-1580C8E44B1E}.Release|x86.ActiveCfg = Release|x86
		{8A33C2C3-DAED-4CD3-9A9D-1580C8E44B1E}.Release|x86.Build.0 = Release|x86
		{05350A97-9D66-40BC-90B5-BCD0DCFE1AAB}.Debug|Any CPU.ActiveCfg = Debug|x86
		{05350A97-9D66-40BC-90B5-BCD0DCFE1AAB}.Debug|Any CPU.Build.0 = Debug|x86
		{05350A97-9D66-40BC-90B5-BCD0DCFE1AAB}.Debug|x86.ActiveCfg = Debug|x86
		{05350A97-9D66-40BC-90B5-BCD0DCFE1AAB}.Debug|x86.Build.0 = Debug|x86
		{05350A97-9D66-40BC-90B5-BCD0DCFE1AAB}.Release|Any CPU.ActiveCfg = Release|x86
		{05350A97-9D66-40BC-90B5-BCD0DCFE1AAB}.Release|Any CPU.Build.0 = Release|x86
		{05350A97-9D66-40BC-90B5-BCD0DCFE1AAB}.Release|x86.ActiveCfg = Release|x86
		{05350A97-9D66-40BC-90B5-BCD0DCFE1AAB}.Release|x86.Build.0 = Release|x86
		{6BB93FFA-C410-4620-A0E0-A1FF88E5838B}.Debug|Any CPU.ActiveCfg = Debug|x86
		{6BB93FFA-C410-4620-A0E0-A1FF88E5838B}.Debug|Any CPU.Build.0 = Debug|x86
		{6BB93FFA-C410-4620-A0E0-A1FF88E5838B}.Debug|x86.ActiveCfg = Debug|x86
		{6BB93FFA-C410-4620-A0E0-A1FF88E5838B}.Debug|x86.Build.0 = Debug|x86
		{6BB93FFA-C410-4620-A0E0-A1FF88E5838B}.Release|Any CPU.ActiveCfg = Release|x86
		{6BB93FFA-C410-4620-A0E0-A1FF88E5838B}.Release|Any CPU.Build.0 = Release|x86
		{6BB93FFA-C410-4620-A0E0-A1FF88E5838B}.Release|x86.ActiveCfg = Release|x86
		{6BB93FFA-C410-4620-A0E0-A1FF88E5838B}.Release|x86.Build.0 = Release|x86
		{72FDC6E8-09DD-4C89-B054-F3D3F2CB8B15}.Debug|Any CPU.ActiveCfg = Debug|x86
		{72FDC6E8-09DD-4C89-B054-F3D3F2CB8B15}.Debug|Any CPU.Build.0 = Debug|x86
		{72FDC6E8-09DD-4C89-B054-F3D3F2CB8B15}.Debug|x86.ActiveCfg = Debug|x86
		{72FDC6E8-09DD-4C89-B054-F3D3F2CB8B15}.Debug|x86.Build.0 = Debug|x86
		{72FDC6E8-09DD-4C89-B054-F3D3F2CB8B15}.Release|Any CPU.ActiveCfg = Release|x86
		{72FDC6E8-09DD-4C89-B054-F3D3F2CB8B15}.Release|Any CPU.Build.0 = Release|x86
		{72FDC6E8-09DD-4C89-B054-F3D3F2CB8B15}.Release|x86.ActiveCfg = Release|x86
		{72FDC6E8-09DD-4C89-B054-F3D3F2CB8B15}.Release|x86.Build.0 = Release|x86
		{D89F1C62-62EE-4CE8-A9F7-5BFE3448F98A}.Debug|Any CPU.ActiveCfg = Debug|x86
		{D89F1C62-62EE-4CE8-A9F7-5BFE3448F98A}.Debug|Any CPU.Build.0 = Debug|x86
		{D89F1C62-62EE-4CE8-A9F7-5BFE3448F98A}.Debug|x86.ActiveCfg = Debug|x86
		{D89F1C62-62EE-4CE8-A9F7-5BFE3448F98A}.Debug|x86.Build.0 = Debug|x86
		{D89F1C62-62EE-4CE8-A9F7-5BFE3448F98A}.Release|Any CPU.ActiveCfg = Release|x86
		{D89F1C62-62EE-4CE8-A9F7-5BFE3448F98A}.Release|Any CPU.Build.0 = Release|x86
		{D89F1C62-62EE-4CE8-A9F7-5BFE3448F98A}.Release|x86.ActiveCfg = Release|x86
		{D89F1C62-62EE-4CE8-A9F7-5BFE3448F98A}.Release|x86.Build.0 = Release|x86
		{8F9CECCB-AB5E-4D94-8FC2-7E14A9871C51}.Debug|Any CPU.ActiveCfg = Debug|x86
		{8F9CECCB-AB5E-4D94-8FC2-7E14A9871C51}.Debug|Any CPU.Build.0 = Debug|x86
		{8F9CECCB-AB5E-4D94-8FC2-7E14A9871C51}.Debug|x86.ActiveCfg = Debug|x86
		{8F9CECCB-AB5E-4D94-8FC2-7E14A9871C51}.Debug|x86.Build.0 = Debug|x86
		{8F9CECCB-AB5E-4D94-8FC2-7E14A9871C51}.Release|Any CPU.ActiveCfg = Release|x86
		{8F9CECCB-AB5E-4D94-8FC2-7E14A9871C51}.Release|Any CPU.Build.0 = Release|x86
		{8F9CECCB-AB5E-4D94-8FC2-7E14A9871C51}.Release|x86.ActiveCfg = Release|x86
		{8F9CECCB-AB5E-4D94-8FC2-7E14A9871C51}.Release|x86.Build.0 = Release|x86
		{EF74D02F-B99F-470F-B27C-8B83961E9940}.Debug|Any CPU.ActiveCfg = Debug|x86
		{EF74D02F-B99F-470F-B27C-8B83961E9940}.Debug|Any CPU.Build.0 = Debug|x86
		{EF74D02F-B99F-470F-B27C-8B83961E9940}.Debug|x86.ActiveCfg = Debug|x86
		{EF74D02F-B99F-470F-B27C-8B83961E9940}.Debug|x86.Build.0 = Debug|x86
		{EF74D02F-B99F-470F-B27C-8B83961E9940}.Release|Any CPU.ActiveCfg = Release|x86
		{EF74D02F-B99F-470F-B27C-8B83961E9940}.Release|Any CPU.Build.0 = Release|x86
		{EF74D02F-B99F-470F-B27C-8B83961E9940}.Release|x86.ActiveCfg = Release|x86
		{EF74D02F-B99F-470F-B27C-8B83961E9940}.Release|x86.Build.0 = Release|x86
		{DDC82CFF-B66D-47DC-BEA6-BD90BE3F820D}.Debug|Any CPU.ActiveCfg = Debug|Any CPU
		{DDC82CFF-B66D-47DC-BEA6-BD90BE3F820D}.Debug|Any CPU.Build.0 = Debug|Any CPU
		{DDC82CFF-B66D-47DC-BEA6-BD90BE3F820D}.Debug|x86.ActiveCfg = Debug|Any CPU
		{DDC82CFF-B66D-47DC-BEA6-BD90BE3F820D}.Debug|x86.Build.0 = Debug|Any CPU
		{DDC82CFF-B66D-47DC-BEA6-BD90BE3F820D}.Release|Any CPU.ActiveCfg = Release|Any CPU
		{DDC82CFF-B66D-47DC-BEA6-BD90BE3F820D}.Release|Any CPU.Build.0 = Release|Any CPU
		{DDC82CFF-B66D-47DC-BEA6-BD90BE3F820D}.Release|x86.ActiveCfg = Release|Any CPU
		{DDC82CFF-B66D-47DC-BEA6-BD90BE3F820D}.Release|x86.Build.0 = Release|Any CPU
		{77EC7459-0B99-4142-AFC0-95E75A2DED78}.Debug|Any CPU.ActiveCfg = Debug|Any CPU
		{77EC7459-0B99-4142-AFC0-95E75A2DED78}.Debug|Any CPU.Build.0 = Debug|Any CPU
		{77EC7459-0B99-4142-AFC0-95E75A2DED78}.Debug|x86.ActiveCfg = Debug|Any CPU
		{77EC7459-0B99-4142-AFC0-95E75A2DED78}.Debug|x86.Build.0 = Debug|Any CPU
		{77EC7459-0B99-4142-AFC0-95E75A2DED78}.Release|Any CPU.ActiveCfg = Release|Any CPU
		{77EC7459-0B99-4142-AFC0-95E75A2DED78}.Release|Any CPU.Build.0 = Release|Any CPU
		{77EC7459-0B99-4142-AFC0-95E75A2DED78}.Release|x86.ActiveCfg = Release|Any CPU
		{77EC7459-0B99-4142-AFC0-95E75A2DED78}.Release|x86.Build.0 = Release|Any CPU
		{5309AB9F-82E3-472D-ABC5-5C7169B26372}.Debug|Any CPU.ActiveCfg = Debug|Any CPU
		{5309AB9F-82E3-472D-ABC5-5C7169B26372}.Debug|Any CPU.Build.0 = Debug|Any CPU
		{5309AB9F-82E3-472D-ABC5-5C7169B26372}.Debug|x86.ActiveCfg = Debug|Any CPU
		{5309AB9F-82E3-472D-ABC5-5C7169B26372}.Debug|x86.Build.0 = Debug|Any CPU
		{5309AB9F-82E3-472D-ABC5-5C7169B26372}.Release|Any CPU.ActiveCfg = Release|Any CPU
		{5309AB9F-82E3-472D-ABC5-5C7169B26372}.Release|Any CPU.Build.0 = Release|Any CPU
		{5309AB9F-82E3-472D-ABC5-5C7169B26372}.Release|x86.ActiveCfg = Release|Any CPU
		{5309AB9F-82E3-472D-ABC5-5C7169B26372}.Release|x86.Build.0 = Release|Any CPU
		{07B2AF70-B9D0-480D-A192-AC32FAA0B499}.Debug|Any CPU.ActiveCfg = Debug|Any CPU
		{07B2AF70-B9D0-480D-A192-AC32FAA0B499}.Debug|Any CPU.Build.0 = Debug|Any CPU
		{07B2AF70-B9D0-480D-A192-AC32FAA0B499}.Debug|x86.ActiveCfg = Debug|Any CPU
		{07B2AF70-B9D0-480D-A192-AC32FAA0B499}.Debug|x86.Build.0 = Debug|Any CPU
		{07B2AF70-B9D0-480D-A192-AC32FAA0B499}.Release|Any CPU.ActiveCfg = Release|Any CPU
		{07B2AF70-B9D0-480D-A192-AC32FAA0B499}.Release|Any CPU.Build.0 = Release|Any CPU
		{07B2AF70-B9D0-480D-A192-AC32FAA0B499}.Release|x86.ActiveCfg = Release|Any CPU
		{07B2AF70-B9D0-480D-A192-AC32FAA0B499}.Release|x86.Build.0 = Release|Any CPU
		{3A768A32-3D04-4A4D-A961-1C1BC2D72E5D}.Debug|Any CPU.ActiveCfg = Debug|Any CPU
		{3A768A32-3D04-4A4D-A961-1C1BC2D72E5D}.Debug|Any CPU.Build.0 = Debug|Any CPU
		{3A768A32-3D04-4A4D-A961-1C1BC2D72E5D}.Debug|x86.ActiveCfg = Debug|Any CPU
		{3A768A32-3D04-4A4D-A961-1C1BC2D72E5D}.Debug|x86.Build.0 = Debug|Any CPU
		{3A768A32-3D04-4A4D-A961-1C1BC2D72E5D}.Release|Any CPU.ActiveCfg = Release|Any CPU
		{3A768A32-3D04-4A4D-A961-1C1BC2D72E5D}.Release|Any CPU.Build.0 = Release|Any CPU
		{3A768A32-3D04-4A4D-A961-1C1BC2D72E5D}.Release|x86.ActiveCfg = Release|Any CPU
		{3A768A32-3D04-4A4D-A961-1C1BC2D72E5D}.Release|x86.Build.0 = Release|Any CPU
		{D87D6F7A-4168-4D8C-BB0F-FB7B935175F2}.Debug|Any CPU.ActiveCfg = Debug|Any CPU
		{D87D6F7A-4168-4D8C-BB0F-FB7B935175F2}.Debug|Any CPU.Build.0 = Debug|Any CPU
		{D87D6F7A-4168-4D8C-BB0F-FB7B935175F2}.Debug|x86.ActiveCfg = Debug|Any CPU
		{D87D6F7A-4168-4D8C-BB0F-FB7B935175F2}.Debug|x86.Build.0 = Debug|Any CPU
		{D87D6F7A-4168-4D8C-BB0F-FB7B935175F2}.Release|Any CPU.ActiveCfg = Release|Any CPU
		{D87D6F7A-4168-4D8C-BB0F-FB7B935175F2}.Release|Any CPU.Build.0 = Release|Any CPU
		{D87D6F7A-4168-4D8C-BB0F-FB7B935175F2}.Release|x86.ActiveCfg = Release|Any CPU
		{D87D6F7A-4168-4D8C-BB0F-FB7B935175F2}.Release|x86.Build.0 = Release|Any CPU
		{206B2FB3-EA8A-4D82-9D4F-3F78A3215F85}.Debug|Any CPU.ActiveCfg = Debug|Any CPU
		{206B2FB3-EA8A-4D82-9D4F-3F78A3215F85}.Debug|Any CPU.Build.0 = Debug|Any CPU
		{206B2FB3-EA8A-4D82-9D4F-3F78A3215F85}.Debug|x86.ActiveCfg = Debug|Any CPU
		{206B2FB3-EA8A-4D82-9D4F-3F78A3215F85}.Debug|x86.Build.0 = Debug|Any CPU
		{206B2FB3-EA8A-4D82-9D4F-3F78A3215F85}.Release|Any CPU.ActiveCfg = Release|Any CPU
		{206B2FB3-EA8A-4D82-9D4F-3F78A3215F85}.Release|Any CPU.Build.0 = Release|Any CPU
		{206B2FB3-EA8A-4D82-9D4F-3F78A3215F85}.Release|x86.ActiveCfg = Release|Any CPU
		{206B2FB3-EA8A-4D82-9D4F-3F78A3215F85}.Release|x86.Build.0 = Release|Any CPU
	EndGlobalSection
	GlobalSection(SolutionProperties) = preSolution
		HideSolutionNode = FALSE
	EndGlobalSection
	GlobalSection(NestedProjects) = preSolution
		{82AC891D-339D-4FE4-861D-8B7E628358B5} = {2594498F-8037-48FD-8C7C-D69CAC3C2B14}
		{DF4D8CF3-90F4-4108-A8D5-73DFB1A57E69} = {2594498F-8037-48FD-8C7C-D69CAC3C2B14}
		{DB224815-7139-4A09-B3C7-1294E98BA754} = {2594498F-8037-48FD-8C7C-D69CAC3C2B14}
		{FA28275F-E365-466A-848A-9988DEC0DA4E} = {2594498F-8037-48FD-8C7C-D69CAC3C2B14}
		{448F27C6-9BA0-4BFA-B6AD-39D15F6B4C31} = {2594498F-8037-48FD-8C7C-D69CAC3C2B14}
		{916425A2-8E7D-47FD-ACB7-6E7947F1290B} = {2594498F-8037-48FD-8C7C-D69CAC3C2B14}
		{D4751573-75C4-45ED-B29D-7F0AAB4C5ED4} = {2594498F-8037-48FD-8C7C-D69CAC3C2B14}
		{5F837096-8812-4C9C-9ED8-11682789F180} = {2594498F-8037-48FD-8C7C-D69CAC3C2B14}
		{8A33C2C3-DAED-4CD3-9A9D-1580C8E44B1E} = {2594498F-8037-48FD-8C7C-D69CAC3C2B14}
		{05350A97-9D66-40BC-90B5-BCD0DCFE1AAB} = {2594498F-8037-48FD-8C7C-D69CAC3C2B14}
		{6BB93FFA-C410-4620-A0E0-A1FF88E5838B} = {2594498F-8037-48FD-8C7C-D69CAC3C2B14}
		{72FDC6E8-09DD-4C89-B054-F3D3F2CB8B15} = {2594498F-8037-48FD-8C7C-D69CAC3C2B14}
		{D89F1C62-62EE-4CE8-A9F7-5BFE3448F98A} = {2594498F-8037-48FD-8C7C-D69CAC3C2B14}
		{8F9CECCB-AB5E-4D94-8FC2-7E14A9871C51} = {2594498F-8037-48FD-8C7C-D69CAC3C2B14}
		{EF74D02F-B99F-470F-B27C-8B83961E9940} = {2594498F-8037-48FD-8C7C-D69CAC3C2B14}
		{DDC82CFF-B66D-47DC-BEA6-BD90BE3F820D} = {2594498F-8037-48FD-8C7C-D69CAC3C2B14}
		{77EC7459-0B99-4142-AFC0-95E75A2DED78} = {2594498F-8037-48FD-8C7C-D69CAC3C2B14}
		{5309AB9F-82E3-472D-ABC5-5C7169B26372} = {2594498F-8037-48FD-8C7C-D69CAC3C2B14}
		{07B2AF70-B9D0-480D-A192-AC32FAA0B499} = {BE2ED10F-0DC3-4F5B-93F9-9DB0A2F942FE}
		{3A768A32-3D04-4A4D-A961-1C1BC2D72E5D} = {BE2ED10F-0DC3-4F5B-93F9-9DB0A2F942FE}
		{D87D6F7A-4168-4D8C-BB0F-FB7B935175F2} = {BE2ED10F-0DC3-4F5B-93F9-9DB0A2F942FE}
		{206B2FB3-EA8A-4D82-9D4F-3F78A3215F85} = {BE2ED10F-0DC3-4F5B-93F9-9DB0A2F942FE}
	EndGlobalSection
	GlobalSection(ExtensibilityGlobals) = postSolution
		SolutionGuid = {40C6D68A-F49A-4790-9A53-777F852A068A}
	EndGlobalSection
EndGlobal
